
Microsoft Visual Studio Solution File, Format Version 12.00
# Visual Studio Version 17
VisualStudioVersion = 17.9.34728.123
MinimumVisualStudioVersion = 10.0.40219.1
Project("{FAE04EC0-301F-11D3-BF4B-00C04F79EFBC}") = "hbc", "hbc.csproj", "{AC88DD9A-0C22-462A-8337-01D1F9A22101}"
EndProject
Global
	GlobalSection(SolutionConfigurationPlatforms) = preSolution
		Debug|Any CPU = Debug|Any CPU
		Release|Any CPU = Release|Any CPU
	EndGlobalSection
	GlobalSection(ProjectConfigurationPlatforms) = postSolution
		{AC88DD9A-0C22-462A-8337-01D1F9A22101}.Debug|Any CPU.ActiveCfg = Debug|Any CPU
		{AC88DD9A-0C22-462A-8337-01D1F9A22101}.Debug|Any CPU.Build.0 = Debug|Any CPU
		{AC88DD9A-0C22-462A-8337-01D1F9A22101}.Release|Any CPU.ActiveCfg = Release|Any CPU
		{AC88DD9A-0C22-462A-8337-01D1F9A22101}.Release|Any CPU.Build.0 = Release|Any CPU
	EndGlobalSection
	GlobalSection(SolutionProperties) = preSolution
		HideSolutionNode = FALSE
	EndGlobalSection
	GlobalSection(ExtensibilityGlobals) = postSolution
		SolutionGuid = {937C038C-E061-4CBB-A4AF-00787A24B485}
	EndGlobalSection
EndGlobal
